
Microsoft Visual Studio Solution File, Format Version 12.00
# Visual Studio Version 17
VisualStudioVersion = 17.6.33717.318
MinimumVisualStudioVersion = 10.0.40219.1
Project("{9A19103F-16F7-4668-BE54-9A1E7A4F7556}") = "TraderEngine.API", "TraderEngine.API\TraderEngine.API.csproj", "{97E22C1E-1C6A-4A4A-8188-11195464EEDB}"
EndProject
Project("{9A19103F-16F7-4668-BE54-9A1E7A4F7556}") = "TraderEngine.CLI", "TraderEngine.CLI\TraderEngine.CLI.csproj", "{E5ED6659-D696-4747-8DBA-3803FC5DBB62}"
EndProject
Project("{2150E333-8FDC-42A3-9474-1A3956D46DE8}") = "Solution Items", "Solution Items", "{44EF460B-030F-437B-92CB-273D7320C2EE}"
	ProjectSection(SolutionItems) = preProject
		.dockerignore = .dockerignore
		.editorconfig = .editorconfig
		.env = .env
		.gitignore = .gitignore
		docker-compose.yml = docker-compose.yml
		README.md = README.md
	EndProjectSection
EndProject
Project("{9A19103F-16F7-4668-BE54-9A1E7A4F7556}") = "TraderEngine.Common", "TraderEngine.Common\TraderEngine.Common.csproj", "{974F2738-41AC-40D4-9520-830004E21453}"
EndProject
Project("{9A19103F-16F7-4668-BE54-9A1E7A4F7556}") = "TraderEngine.APITests", "TraderEngine.APITests\TraderEngine.APITests.csproj", "{DD145B36-8658-4765-A68B-D8DAE45CAA39}"
EndProject
Project("{9A19103F-16F7-4668-BE54-9A1E7A4F7556}") = "TraderEngine.CLITests", "TraderEngine.CLITests\TraderEngine.CLITests.csproj", "{FEE4F87C-36FE-46E4-84ED-E8540DB52E2B}"
EndProject
Global
	GlobalSection(SolutionConfigurationPlatforms) = preSolution
		Debug|Any CPU = Debug|Any CPU
		Release|Any CPU = Release|Any CPU
	EndGlobalSection
	GlobalSection(ProjectConfigurationPlatforms) = postSolution
		{97E22C1E-1C6A-4A4A-8188-11195464EEDB}.Debug|Any CPU.ActiveCfg = Debug|Any CPU
		{97E22C1E-1C6A-4A4A-8188-11195464EEDB}.Debug|Any CPU.Build.0 = Debug|Any CPU
		{97E22C1E-1C6A-4A4A-8188-11195464EEDB}.Release|Any CPU.ActiveCfg = Release|Any CPU
		{97E22C1E-1C6A-4A4A-8188-11195464EEDB}.Release|Any CPU.Build.0 = Release|Any CPU
		{E5ED6659-D696-4747-8DBA-3803FC5DBB62}.Debug|Any CPU.ActiveCfg = Debug|Any CPU
		{E5ED6659-D696-4747-8DBA-3803FC5DBB62}.Debug|Any CPU.Build.0 = Debug|Any CPU
		{E5ED6659-D696-4747-8DBA-3803FC5DBB62}.Release|Any CPU.ActiveCfg = Release|Any CPU
		{E5ED6659-D696-4747-8DBA-3803FC5DBB62}.Release|Any CPU.Build.0 = Release|Any CPU
		{974F2738-41AC-40D4-9520-830004E21453}.Debug|Any CPU.ActiveCfg = Debug|Any CPU
		{974F2738-41AC-40D4-9520-830004E21453}.Debug|Any CPU.Build.0 = Debug|Any CPU
		{974F2738-41AC-40D4-9520-830004E21453}.Release|Any CPU.ActiveCfg = Release|Any CPU
		{974F2738-41AC-40D4-9520-830004E21453}.Release|Any CPU.Build.0 = Release|Any CPU
		{DD145B36-8658-4765-A68B-D8DAE45CAA39}.Debug|Any CPU.ActiveCfg = Debug|Any CPU
		{DD145B36-8658-4765-A68B-D8DAE45CAA39}.Debug|Any CPU.Build.0 = Debug|Any CPU
		{DD145B36-8658-4765-A68B-D8DAE45CAA39}.Release|Any CPU.ActiveCfg = Release|Any CPU
		{DD145B36-8658-4765-A68B-D8DAE45CAA39}.Release|Any CPU.Build.0 = Release|Any CPU
		{FEE4F87C-36FE-46E4-84ED-E8540DB52E2B}.Debug|Any CPU.ActiveCfg = Debug|Any CPU
		{FEE4F87C-36FE-46E4-84ED-E8540DB52E2B}.Debug|Any CPU.Build.0 = Debug|Any CPU
		{FEE4F87C-36FE-46E4-84ED-E8540DB52E2B}.Release|Any CPU.ActiveCfg = Release|Any CPU
		{FEE4F87C-36FE-46E4-84ED-E8540DB52E2B}.Release|Any CPU.Build.0 = Release|Any CPU
	EndGlobalSection
	GlobalSection(SolutionProperties) = preSolution
		HideSolutionNode = FALSE
	EndGlobalSection
	GlobalSection(ExtensibilityGlobals) = postSolution
		SolutionGuid = {324C6934-BE6C-46DC-B652-ADFAA5845CD7}
	EndGlobalSection
EndGlobal
