{
  "version": 1,
  "dependencies": {
    "net8.0": {
      "MailKit": {
        "type": "Direct",
        "requested": "[4.14.1, )",
        "resolved": "4.14.1",
        "contentHash": "Rawu+h3lSSjKra0AxR+IUB99VQ7jWI+MvxThekqLhf+ic7VQ7a69lmPFW+LXuRYHla4ADcn3x16Gsvju3LTq9w==",
        "dependencies": {
          "MimeKit": "4.14.0",
          "System.Formats.Asn1": "8.0.1"
        }
      },
      "Microsoft.Extensions.Hosting": {
        "type": "Direct",
        "requested": "[9.0.12, )",
        "resolved": "9.0.12",
        "contentHash": "kL5+gkZweUkvCN1C6v/p6l5DjDO7QxzPbADT0DzzuJjua6CxDBmcmBBe4opsic9NJfOV2MQ6V+DXrfKJ3BOtUQ==",
        "dependencies": {
          "Microsoft.Extensions.Configuration": "9.0.12",
          "Microsoft.Extensions.Configuration.Abstractions": "9.0.12",
          "Microsoft.Extensions.Configuration.Binder": "9.0.12",
          "Microsoft.Extensions.Configuration.CommandLine": "9.0.12",
          "Microsoft.Extensions.Configuration.EnvironmentVariables": "9.0.12",
          "Microsoft.Extensions.Configuration.FileExtensions": "9.0.12",
          "Microsoft.Extensions.Configuration.Json": "9.0.12",
          "Microsoft.Extensions.Configuration.UserSecrets": "9.0.12",
          "Microsoft.Extensions.DependencyInjection": "9.0.12",
          "Microsoft.Extensions.DependencyInjection.Abstractions": "9.0.12",
          "Microsoft.Extensions.Diagnostics": "9.0.12",
          "Microsoft.Extensions.FileProviders.Abstractions": "9.0.12",
          "Microsoft.Extensions.FileProviders.Physical": "9.0.12",
          "Microsoft.Extensions.Hosting.Abstractions": "9.0.12",
          "Microsoft.Extensions.Logging": "9.0.12",
          "Microsoft.Extensions.Logging.Abstractions": "9.0.12",
          "Microsoft.Extensions.Logging.Configuration": "9.0.12",
          "Microsoft.Extensions.Logging.Console": "9.0.12",
          "Microsoft.Extensions.Logging.Debug": "9.0.12",
          "Microsoft.Extensions.Logging.EventLog": "9.0.12",
          "Microsoft.Extensions.Logging.EventSource": "9.0.12",
          "Microsoft.Extensions.Options": "9.0.12"
        }
      },
      "AutoMapper": {
        "type": "Transitive",
        "resolved": "14.0.0",
        "contentHash": "OC+1neAPM4oCCqQj3g2GJ2shziNNhOkxmNB9cVS8jtx4JbgmRzLcUOxB9Tsz6cVPHugdkHgCaCrTjjSI0Z5sCQ==",
        "dependencies": {
          "Microsoft.Extensions.Options": "8.0.0"
        }
      },
      "BouncyCastle.Cryptography": {
        "type": "Transitive",
        "resolved": "2.6.1",
        "contentHash": "vZsG2YILhthgRqO+ZVgRff4ZFKKTl0v7kqaVBLCtRvpREhfBP33pcWrdA3PRYgWuFL1RxiUFvjMUHTdBZlJcoA=="
      },
      "Dapper": {
        "type": "Transitive",
        "resolved": "2.1.66",
        "contentHash": "/q77jUgDOS+bzkmk3Vy9SiWMaetTw+NOoPAV0xPBsGVAyljd5S6P+4RUW7R3ZUGGr9lDRyPKgAMj2UAOwvqZYw=="
      },
      "Microsoft.Extensions.Configuration": {
        "type": "Transitive",
        "resolved": "9.0.12",
        "contentHash": "ATSurHTbvZmw2ITcEyPPrKbtBh5FHA/p9JAMuKbgfurm+U+qPE5KkYHW7NIpayL3/ML3GGPmro1hOozJ/O8VuA==",
        "dependencies": {
          "Microsoft.Extensions.Configuration.Abstractions": "9.0.12",
          "Microsoft.Extensions.Primitives": "9.0.12"
        }
      },
      "Microsoft.Extensions.Configuration.Abstractions": {
        "type": "Transitive",
        "resolved": "9.0.12",
        "contentHash": "7a6T0/caZDhTX1qkXII/2bSdmZt/gqrBkIXlcM9NTelc6lseRR6OPYb8gcy/JA6m4P3tEFd2Tnhr8ke4Jq/wkw==",
        "dependencies": {
          "Microsoft.Extensions.Primitives": "9.0.12"
        }
      },
      "Microsoft.Extensions.Configuration.Binder": {
        "type": "Transitive",
        "resolved": "9.0.12",
        "contentHash": "J0nlmzF3gChGiEkNoSy+1ScAcs2xzZc49x4tfxSX+cuL2aA362qBlDXJzCekBuXwtlcDpfy/2DN3Pol/FkDkcw==",
        "dependencies": {
          "Microsoft.Extensions.Configuration.Abstractions": "9.0.12"
        }
      },
      "Microsoft.Extensions.Configuration.CommandLine": {
        "type": "Transitive",
        "resolved": "9.0.12",
        "contentHash": "nVstb/OvbBZbxaBB9YBOpqeFPRBH43g9WgrPY1o/0HxwULCMRvD8F8ObP9HUMsYfd0aU13t0/t3Hr7/tdb0U8g==",
        "dependencies": {
          "Microsoft.Extensions.Configuration": "9.0.12",
          "Microsoft.Extensions.Configuration.Abstractions": "9.0.12"
        }
      },
      "Microsoft.Extensions.Configuration.EnvironmentVariables": {
        "type": "Transitive",
        "resolved": "9.0.12",
        "contentHash": "43b7KKho+HzYdoe4Y99jJA2B32Y9a42Pa1YZUTymw8TmJYd3+E9XlMW3b28+CnQPRi26LyS265Fwb+IQdSgHPg==",
        "dependencies": {
          "Microsoft.Extensions.Configuration": "9.0.12",
          "Microsoft.Extensions.Configuration.Abstractions": "9.0.12"
        }
      },
      "Microsoft.Extensions.Configuration.FileExtensions": {
        "type": "Transitive",
        "resolved": "9.0.12",
        "contentHash": "kk7BgI8BtMUJJkcIM4+FqvTinSPETOQEsdOxPw8PkDk1+IAmTbt2SS8efPHQpFUB5P6ZYsFq94Xk64wr5nXrKQ==",
        "dependencies": {
          "Microsoft.Extensions.Configuration": "9.0.12",
          "Microsoft.Extensions.Configuration.Abstractions": "9.0.12",
          "Microsoft.Extensions.FileProviders.Abstractions": "9.0.12",
          "Microsoft.Extensions.FileProviders.Physical": "9.0.12",
          "Microsoft.Extensions.Primitives": "9.0.12"
        }
      },
      "Microsoft.Extensions.Configuration.Json": {
        "type": "Transitive",
        "resolved": "9.0.12",
        "contentHash": "SR53DHSFG7RBEg76a3i37kUBFm7nb6O/74TxRpNcQl0nDYERs5ZC1XNVVFAh5O4CytEDAnzjTBHthJu2IzaoTQ==",
        "dependencies": {
          "Microsoft.Extensions.Configuration": "9.0.12",
          "Microsoft.Extensions.Configuration.Abstractions": "9.0.12",
          "Microsoft.Extensions.Configuration.FileExtensions": "9.0.12",
          "Microsoft.Extensions.FileProviders.Abstractions": "9.0.12",
          "System.Text.Json": "9.0.12"
        }
      },
      "Microsoft.Extensions.Configuration.UserSecrets": {
        "type": "Transitive",
        "resolved": "9.0.12",
        "contentHash": "3NttnKYwzRuDOw+3odGg25GqS5po61QLsizxaJWdV42EAxGQm+S6LuhQ7jEtZJ55efdyt8kHWU7k9gSs7GFjRQ==",
        "dependencies": {
          "Microsoft.Extensions.Configuration.Abstractions": "9.0.12",
          "Microsoft.Extensions.Configuration.Json": "9.0.12",
          "Microsoft.Extensions.FileProviders.Abstractions": "9.0.12",
          "Microsoft.Extensions.FileProviders.Physical": "9.0.12"
        }
      },
      "Microsoft.Extensions.DependencyInjection": {
        "type": "Transitive",
        "resolved": "9.0.12",
        "contentHash": "Ao81p3RGYdYUMsP4ST5p+DgF/8oLXJUMH8IQyLHb9Whr0JRqbe8+20/y6fUIpiRxe3xFypXlxGoIcwKixVtyfA==",
        "dependencies": {
          "Microsoft.Extensions.DependencyInjection.Abstractions": "9.0.12"
        }
      },
      "Microsoft.Extensions.DependencyInjection.Abstractions": {
        "type": "Transitive",
        "resolved": "9.0.12",
        "contentHash": "giBjLNJewLe2baQBmLp+8/HSm05WBA//Pd8G5of5G1qrT8a+KLg6mYE6k7w9GFLjYG8ckKyTC9u2yoA0b0J8kg=="
      },
      "Microsoft.Extensions.Diagnostics": {
        "type": "Transitive",
        "resolved": "9.0.12",
        "contentHash": "0II8aBqWfBlArJmKWy0SvqKrQPYgmfHnGkY2vH2oU0/mbVL6ox582a32HsWpGvvRfMOEd5xx7rhbBnIdWWckBw==",
        "dependencies": {
          "Microsoft.Extensions.Configuration": "9.0.12",
          "Microsoft.Extensions.Diagnostics.Abstractions": "9.0.12",
          "Microsoft.Extensions.Options.ConfigurationExtensions": "9.0.12"
        }
      },
      "Microsoft.Extensions.Diagnostics.Abstractions": {
        "type": "Transitive",
        "resolved": "9.0.12",
        "contentHash": "hNYEU/JbHO2rO5Kax5nX1hz/hnQEZPE9hAiMS0o2evvhks6YFeYKlEYeRshmj/asi5hgUa4esYjiOiSiGjijTw==",
        "dependencies": {
          "Microsoft.Extensions.DependencyInjection.Abstractions": "9.0.12",
          "Microsoft.Extensions.Options": "9.0.12",
          "System.Diagnostics.DiagnosticSource": "9.0.12"
        }
      },
      "Microsoft.Extensions.FileProviders.Abstractions": {
        "type": "Transitive",
        "resolved": "9.0.12",
        "contentHash": "DIRWbcei4olf0EvIqAXJZiXnsaCCq6RP+sADmbz7FDMHAWIG2eEh50BeT/z9VEgmYfly3bXp2UCuS5hf3KK1Zw==",
        "dependencies": {
          "Microsoft.Extensions.Primitives": "9.0.12"
        }
      },
      "Microsoft.Extensions.FileProviders.Physical": {
        "type": "Transitive",
        "resolved": "9.0.12",
        "contentHash": "oN7aRmRus6vrPafRT8aTGbwMMVZnP4UqiiUcmHbWA/iAEA4hmJ2csFoAiymMCk52xyF8lXwDpmo/HZl9i/0Npg==",
        "dependencies": {
          "Microsoft.Extensions.FileProviders.Abstractions": "9.0.12",
          "Microsoft.Extensions.FileSystemGlobbing": "9.0.12",
          "Microsoft.Extensions.Primitives": "9.0.12"
        }
      },
      "Microsoft.Extensions.FileSystemGlobbing": {
        "type": "Transitive",
        "resolved": "9.0.12",
        "contentHash": "mpSVu1bg1WZlhRq2jM5/nPfL/6UrTYqseNx4p8e2idq4eDjX+NmrkLmEsTESBzfCV+0T4gQgOu7PAqZSqy/Lvw=="
      },
      "Microsoft.Extensions.Hosting.Abstractions": {
        "type": "Transitive",
        "resolved": "9.0.12",
        "contentHash": "z7YNDpd+fQgqRo/b8SzR3FrMKZx7xY9voq3mxAwGaMkUJmdCtn0WtNnb3/ktXjRXxFBudSGHTjAU101TSjYcUw==",
        "dependencies": {
          "Microsoft.Extensions.Configuration.Abstractions": "9.0.12",
          "Microsoft.Extensions.DependencyInjection.Abstractions": "9.0.12",
          "Microsoft.Extensions.Diagnostics.Abstractions": "9.0.12",
          "Microsoft.Extensions.FileProviders.Abstractions": "9.0.12",
          "Microsoft.Extensions.Logging.Abstractions": "9.0.12"
        }
      },
      "Microsoft.Extensions.Http": {
        "type": "Transitive",
        "resolved": "9.0.11",
        "contentHash": "QEa12ESaPAKR3M40N8dawVd+LPOgxCrGsUmC7Myfhn44AQiWh7X9PiTAagrAnJSaGqsb+yx+KRNSjrm8wx1TVQ==",
        "dependencies": {
          "Microsoft.Extensions.Configuration.Abstractions": "9.0.11",
          "Microsoft.Extensions.DependencyInjection.Abstractions": "9.0.11",
          "Microsoft.Extensions.Diagnostics": "9.0.11",
          "Microsoft.Extensions.Logging": "9.0.11",
          "Microsoft.Extensions.Logging.Abstractions": "9.0.11",
          "Microsoft.Extensions.Options": "9.0.11"
        }
      },
      "Microsoft.Extensions.Http.Polly": {
        "type": "Transitive",
        "resolved": "9.0.11",
        "contentHash": "NzOXRKQwW+UAmKMmT2JnISUtdzcE6PStOwOyqBzh8LzrwyibYRze7KEFCdZBySHIR1zl2fIbN+LOb5htj4+Qrg==",
        "dependencies": {
          "Microsoft.Extensions.Http": "9.0.11",
          "Polly": "7.2.4",
          "Polly.Extensions.Http": "3.0.0"
        }
      },
      "Microsoft.Extensions.Logging": {
        "type": "Transitive",
        "resolved": "9.0.12",
        "contentHash": "4SVZdAe2bJOaE2nj8aY5xQlfz1iDZwxeV992jGn7XafCWmvH7wPlewcv+QqORbww1Aez78nyxspJOEnaa0cU+w==",
        "dependencies": {
          "Microsoft.Extensions.DependencyInjection": "9.0.12",
          "Microsoft.Extensions.Logging.Abstractions": "9.0.12",
          "Microsoft.Extensions.Options": "9.0.12"
        }
      },
      "Microsoft.Extensions.Logging.Abstractions": {
        "type": "Transitive",
        "resolved": "9.0.12",
        "contentHash": "7j7OzWhHJX3HQP1tbS6HNQ2LX/hcQO1nrrvawvFmkpEBFIMOmefCEJZy1Yj44FSPBtuUcucgzLE8hP+OgoNhVQ==",
        "dependencies": {
          "Microsoft.Extensions.DependencyInjection.Abstractions": "9.0.12",
          "System.Diagnostics.DiagnosticSource": "9.0.12"
        }
      },
      "Microsoft.Extensions.Logging.Configuration": {
        "type": "Transitive",
        "resolved": "9.0.12",
        "contentHash": "brbefgqj999JlosHLPAelXU5bzmXIJcp+WcejTA5kISTze+K1jh16zdnysxuvPWFisjOsimHbLcERn+8WgnkGQ==",
        "dependencies": {
          "Microsoft.Extensions.Configuration": "9.0.12",
          "Microsoft.Extensions.Configuration.Abstractions": "9.0.12",
          "Microsoft.Extensions.Configuration.Binder": "9.0.12",
          "Microsoft.Extensions.DependencyInjection.Abstractions": "9.0.12",
          "Microsoft.Extensions.Logging": "9.0.12",
          "Microsoft.Extensions.Logging.Abstractions": "9.0.12",
          "Microsoft.Extensions.Options": "9.0.12",
          "Microsoft.Extensions.Options.ConfigurationExtensions": "9.0.12"
        }
      },
      "Microsoft.Extensions.Logging.Console": {
        "type": "Transitive",
        "resolved": "9.0.12",
        "contentHash": "dIKFK0kGwIZB+gi7an3tr20J2kZbMjLbE+05INlqtWSkOVaCD5/FTimDbS8qSdaZ1+WFOLWhAbTZI5Ir+b7/HQ==",
        "dependencies": {
          "Microsoft.Extensions.DependencyInjection.Abstractions": "9.0.12",
          "Microsoft.Extensions.Logging": "9.0.12",
          "Microsoft.Extensions.Logging.Abstractions": "9.0.12",
          "Microsoft.Extensions.Logging.Configuration": "9.0.12",
          "Microsoft.Extensions.Options": "9.0.12",
          "System.Text.Json": "9.0.12"
        }
      },
      "Microsoft.Extensions.Logging.Debug": {
        "type": "Transitive",
        "resolved": "9.0.12",
        "contentHash": "KpZDx7hODqKuf8kilpw+c02HGWS6Ywvy7V65sbq4A9futzl327B/SzPwey8x3gljAXZhSwyVz/BKhLjrykQagA==",
        "dependencies": {
          "Microsoft.Extensions.DependencyInjection.Abstractions": "9.0.12",
          "Microsoft.Extensions.Logging": "9.0.12",
          "Microsoft.Extensions.Logging.Abstractions": "9.0.12"
        }
      },
      "Microsoft.Extensions.Logging.EventLog": {
        "type": "Transitive",
        "resolved": "9.0.12",
        "contentHash": "mCuezePPOvaeD+/EZrLhwAmPNBsAoaDc9OznE7wm+5a+US69IYB7ElojrdvBY4zx5TFnEZ1Xey+I8LXJFuH7dA==",
        "dependencies": {
          "Microsoft.Extensions.DependencyInjection.Abstractions": "9.0.12",
          "Microsoft.Extensions.Logging": "9.0.12",
          "Microsoft.Extensions.Logging.Abstractions": "9.0.12",
          "Microsoft.Extensions.Options": "9.0.12",
          "System.Diagnostics.EventLog": "9.0.12"
        }
      },
      "Microsoft.Extensions.Logging.EventSource": {
        "type": "Transitive",
        "resolved": "9.0.12",
        "contentHash": "aX9SaDdgI8DabRdsxD040md9ZFvZxSwiOt1/du+Hs+lXVHA3ltjZ0uaqv1pI+HkhyALuKho7mg1wxPoUn64FCw==",
        "dependencies": {
          "Microsoft.Extensions.DependencyInjection.Abstractions": "9.0.12",
          "Microsoft.Extensions.Logging": "9.0.12",
          "Microsoft.Extensions.Logging.Abstractions": "9.0.12",
          "Microsoft.Extensions.Options": "9.0.12",
          "Microsoft.Extensions.Primitives": "9.0.12",
          "System.Text.Json": "9.0.12"
        }
      },
      "Microsoft.Extensions.Options": {
        "type": "Transitive",
        "resolved": "9.0.12",
        "contentHash": "KsZEu0AF7dtefqfUG4MsUIWmuvtoQjN+A+Ggi6jp9QdodSEzpV7mBv9WUb43y6fdDoGFu8kBfIkwftgMy0gllw==",
        "dependencies": {
          "Microsoft.Extensions.DependencyInjection.Abstractions": "9.0.12",
          "Microsoft.Extensions.Primitives": "9.0.12"
        }
      },
      "Microsoft.Extensions.Options.ConfigurationExtensions": {
        "type": "Transitive",
        "resolved": "9.0.12",
        "contentHash": "8pdzO+arUAm6MgeBTm29XUi5sl6bLEPJLYfHA4I2ZIJYbQnVJRYH3NqRlHXoQaGRez92gc7DkOkqetXr6pFnHg==",
        "dependencies": {
          "Microsoft.Extensions.Configuration.Abstractions": "9.0.12",
          "Microsoft.Extensions.Configuration.Binder": "9.0.12",
          "Microsoft.Extensions.DependencyInjection.Abstractions": "9.0.12",
          "Microsoft.Extensions.Options": "9.0.12",
          "Microsoft.Extensions.Primitives": "9.0.12"
        }
      },
      "Microsoft.Extensions.Primitives": {
        "type": "Transitive",
        "resolved": "9.0.12",
        "contentHash": "nmGbgxTfuvuEdcQ9NH5DEwAKDKB+c39dAcKQ4+sb8WpGA3pMIgAJfowC+aRH/6gFmdRq2ssRp031Uvv7rTrOMg=="
      },
      "MimeKit": {
        "type": "Transitive",
        "resolved": "4.14.0",
        "contentHash": "g0LtsMC8DCTkc030C3UgVqbltOJmV5cz4AX8ASowz2ZA+lxopXSYtC1XXYmenxy606aWFLwi5Xy4cC/zyYjbjQ==",
        "dependencies": {
          "BouncyCastle.Cryptography": "2.6.1",
          "System.Security.Cryptography.Pkcs": "8.0.1"
        }
      },
      "MySqlConnector": {
        "type": "Transitive",
        "resolved": "2.4.0",
        "contentHash": "78M+gVOjbdZEDIyXQqcA7EYlCGS3tpbUELHvn6638A2w0pkPI625ixnzsa5staAd3N9/xFmPJtkKDYwsXpFi/w==",
        "dependencies": {
          "Microsoft.Extensions.DependencyInjection.Abstractions": "8.0.2",
          "Microsoft.Extensions.Logging.Abstractions": "8.0.2"
        }
      },
      "Polly": {
        "type": "Transitive",
        "resolved": "7.2.4",
        "contentHash": "bw00Ck5sh6ekduDE3mnCo1ohzuad946uslCDEENu3091+6UKnBuKLo4e+yaNcCzXxOZCXWY2gV4a35+K1d4LDA=="
      },
      "Polly.Contrib.WaitAndRetry": {
        "type": "Transitive",
        "resolved": "1.1.1",
        "contentHash": "1MUQLiSo4KDkQe6nzQRhIU05lm9jlexX5BVsbuw0SL82ynZ+GzAHQxJVDPVBboxV37Po3SG077aX8DuSy8TkaA=="
      },
      "Polly.Extensions.Http": {
        "type": "Transitive",
        "resolved": "3.0.0",
        "contentHash": "drrG+hB3pYFY7w1c3BD+lSGYvH2oIclH8GRSehgfyP5kjnFnHKQuuBhuHLv+PWyFuaTDyk/vfRpnxOzd11+J8g==",
        "dependencies": {
          "Polly": "7.1.0"
        }
      },
      "Skender.Stock.Indicators": {
        "type": "Transitive",
        "resolved": "2.6.1",
        "contentHash": "aa8OK7e21F2n90Pvimuc4wY2vsjSF3kMZI6P+oq8ulgaRmSGMKOx15Qf5LmAoQQWhioTtkU58IXlfM2hlsiXGg=="
      },
      "System.Diagnostics.DiagnosticSource": {
        "type": "Transitive",
        "resolved": "9.0.12",
        "contentHash": "Q441IVlzgISlKTLn/+zXHQf/7r6gUNNZTKnsv1RXlr0VuZMKCEHA2qdDsitybDZcEHMy0nYbvILJ1VXGaGpkJg=="
      },
      "System.Diagnostics.EventLog": {
        "type": "Transitive",
        "resolved": "9.0.12",
        "contentHash": "Vw1vw3TSDo39tDUgseSTcQom6vtdKD6rns9S+Qmyp5apHOsR4y37cvTJ12dwKhFYDzsHXQOaFITS0YdjwwAsBA=="
      },
      "System.Formats.Asn1": {
        "type": "Transitive",
        "resolved": "8.0.1",
        "contentHash": "XqKba7Mm/koKSjKMfW82olQdmfbI5yqeoLV/tidRp7fbh5rmHAQ5raDI/7SU0swTzv+jgqtUGkzmFxuUg0it1A=="
      },
      "System.IO.Pipelines": {
        "type": "Transitive",
        "resolved": "9.0.12",
        "contentHash": "LyvCiOzotNkRgn4wtksKjp/KEljoNtQpuAdunh6PipeyRP/qIdzmeeIjFLUaknkk237eMuYYi2YbkG0pbFBpDg=="
      },
      "System.Security.Cryptography.Pkcs": {
        "type": "Transitive",
        "resolved": "8.0.1",
        "contentHash": "CoCRHFym33aUSf/NtWSVSZa99dkd0Hm7OCZUxORBjRB16LNhIEOf8THPqzIYlvKM0nNDAPTRBa1FxEECrgaxxA=="
      },
      "System.Text.Encodings.Web": {
        "type": "Transitive",
        "resolved": "9.0.12",
        "contentHash": "T69549unMgkU+kbmDOVWYplDiJP6+b1V4NxXh/ao6ITp9xfWCeNPd/H8OI/WLxM/jjYreAVOLJaNayxtFVd7vA=="
      },
      "System.Text.Json": {
        "type": "Transitive",
        "resolved": "9.0.12",
        "contentHash": "wHv2GrfYd4/uaoZQJj6NOR8M0AlnWJ2/MFAHQomSMqk+/rSIY6AlcitL6LXbTgXf8+ngGjAAmQm17kfbNplQ9w==",
        "dependencies": {
          "System.IO.Pipelines": "9.0.12",
          "System.Text.Encodings.Web": "9.0.12"
        }
      },
      "traderengine.common": {
        "type": "Project",
        "dependencies": {
          "AutoMapper": "[14.0.0, )",
          "Dapper": "[2.1.66, )",
          "Microsoft.Extensions.Configuration.Abstractions": "[9.0.12, )",
          "Microsoft.Extensions.Http.Polly": "[9.0.11, )",
          "Microsoft.Extensions.Logging.Abstractions": "[9.0.11, )",
          "Microsoft.Extensions.Options": "[9.0.11, )",
          "MySqlConnector": "[2.4.0, )",
          "Polly.Contrib.WaitAndRetry": "[1.1.1, )",
          "Skender.Stock.Indicators": "[2.6.1, )"
        }
      }
    }
  }
}